{
  "version": "5",
  "specifiers": {
    "jsr:@noble/hashes@^2.2.0": "2.2.0",
    "jsr:@noble/secp256k1@^3.1.0": "3.1.0",
    "jsr:@quentinadam/assert@~0.1.17": "0.1.17",
    "jsr:@quentinadam/ensure@~0.1.5": "0.1.5",
    "jsr:@quentinadam/hash@~0.1.15": "0.1.15",
    "jsr:@quentinadam/uint8array-extension@~0.1.18": "0.1.18",
    "npm:typescript@^6.0.2": "6.0.2"
  },
  "jsr": {
    "@noble/hashes@2.2.0": {
      "integrity": "984d0f07d004ac13a6029ef2b200651b1572fcc952be4b313ef4e312ad696189"
    },
    "@noble/secp256k1@3.1.0": {
      "integrity": "cd6b02d94b96ce37f6ef332fa20ebaeefa603edda5e3488f15be06fd1a52a359"
    },
    "@quentinadam/assert@0.1.17": {
      "integrity": "9eef3bbf11e01f89e53a3ca569a390fd9f313edfd1b962477684528bafeb9f35"
    },
    "@quentinadam/ensure@0.1.5": {
      "integrity": "69e744b5015c0ef2db83e2116321524f720c04bf345805a45fb657510d01a7f7",
      "dependencies": [
        "jsr:@quentinadam/assert"
      ]
    },
    "@quentinadam/hash@0.1.15": {
      "integrity": "1ffa58cd71be1257978726c0c945212961bf78630ff0af96b84d046b22792fd3",
      "dependencies": [
        "jsr:@noble/hashes",
        "jsr:@quentinadam/assert",
        "jsr:@quentinadam/ensure",
        "jsr:@quentinadam/uint8array-extension"
      ]
    },
    "@quentinadam/uint8array-extension@0.1.18": {
      "integrity": "c065e91a6e7d9ec6f11ed9f27856c8fc456953165553aead3acf68751a7d18e2",
      "dependencies": [
        "jsr:@quentinadam/assert"
      ]
    }
  },
  "npm": {
    "typescript@6.0.2": {
      "integrity": "sha512-bGdAIrZ0wiGDo5l8c++HWtbaNCWTS4UTv7RaTH/ThVIgjkveJt83m74bBHMJkuCbslY8ixgLBVZJIOiQlQTjfQ==",
      "bin": true
    }
  },
  "workspace": {
    "dependencies": [
      "jsr:@noble/secp256k1@^3.1.0",
      "jsr:@quentinadam/assert@~0.1.17",
      "jsr:@quentinadam/ensure@~0.1.5",
      "jsr:@quentinadam/hash@~0.1.15",
      "jsr:@quentinadam/uint8array-extension@~0.1.18",
      "npm:typescript@^6.0.2"
    ]
  }
}
