{
  "version": "5",
  "specifiers": {
    "jsr:@noble/hashes@^2.2.0": "2.2.0",
    "jsr:@noble/secp256k1@^3.2.0": "3.2.0",
    "jsr:@quentinadam/assert@~0.1.18": "0.1.18",
    "jsr:@quentinadam/ensure@~0.1.6": "0.1.6",
    "jsr:@quentinadam/hash@~0.1.16": "0.1.16",
    "jsr:@quentinadam/uint8array-extension@~0.1.19": "0.1.19",
    "npm:typescript@^6.0.2": "6.0.2"
  },
  "jsr": {
    "@noble/hashes@2.2.0": {
      "integrity": "984d0f07d004ac13a6029ef2b200651b1572fcc952be4b313ef4e312ad696189"
    },
    "@noble/secp256k1@3.2.0": {
      "integrity": "16c3482e6da33e3723557b25255e8f73105600c62a4633c78ba5771ffe877147"
    },
    "@quentinadam/assert@0.1.18": {
      "integrity": "33a484ad66cab3d5453f69730d49c05bded72b7ff1bd54b5cc3fc2327fe314ca"
    },
    "@quentinadam/ensure@0.1.6": {
      "integrity": "67ac14be280165486613bab54c619bad1783e569601584c3ad63536f08610818",
      "dependencies": [
        "jsr:@quentinadam/assert"
      ]
    },
    "@quentinadam/hash@0.1.16": {
      "integrity": "e9ba62e5f1038202d99d97c8cd271c1b08c5fa5955f854002b626b62a32b47cd",
      "dependencies": [
        "jsr:@noble/hashes",
        "jsr:@quentinadam/ensure",
        "jsr:@quentinadam/uint8array-extension"
      ]
    },
    "@quentinadam/uint8array-extension@0.1.19": {
      "integrity": "485b6b7fbc265502c11ccbe151f90f240b59399a40f9e3cef2003e36f950249a",
      "dependencies": [
        "jsr:@quentinadam/assert"
      ]
    }
  },
  "npm": {
    "typescript@6.0.2": {
      "integrity": "sha512-bGdAIrZ0wiGDo5l8c++HWtbaNCWTS4UTv7RaTH/ThVIgjkveJt83m74bBHMJkuCbslY8ixgLBVZJIOiQlQTjfQ==",
      "bin": true
    }
  },
  "workspace": {
    "dependencies": [
      "jsr:@noble/secp256k1@^3.2.0",
      "jsr:@quentinadam/assert@~0.1.18",
      "jsr:@quentinadam/ensure@~0.1.6",
      "jsr:@quentinadam/hash@~0.1.16",
      "jsr:@quentinadam/uint8array-extension@~0.1.19",
      "npm:typescript@^6.0.2"
    ]
  }
}
